{
  "lockfileVersion": 1,
  "configVersion": 1,
  "workspaces": {
    "": {
      "dependencies": {
        "@tabler/icons-react": "^3.37.1",
        "@types/dompurify": "^3.2.0",
        "dompurify": "^3.3.1",
      },
    },
  },
  "packages": {
    "@tabler/icons": ["@tabler/icons@3.37.1", "", {}, "sha512-neLCWkuyNHEPXCyYu6nbN4S3g/59BTa4qyITAugYVpq1YzYNDOZooW7/vRWH98ZItXAudxdKU8muFT7y1PqzuA=="],

    "@tabler/icons-react": ["@tabler/icons-react@3.37.1", "", { "dependencies": { "@tabler/icons": "" }, "peerDependencies": { "react": ">= 16" } }, "sha512-R7UE71Jji7i4Su56Y9zU1uYEBakUejuDJvyuYVmBuUoqp/x3Pn4cv2huarexR3P0GJ2eHg4rUj9l5zccqS6K/Q=="],

    "@types/dompurify": ["@types/dompurify@3.2.0", "", { "dependencies": { "dompurify": "*" } }, "sha512-Fgg31wv9QbLDA0SpTOXO3MaxySc4DKGLi8sna4/Utjo4r3ZRPdCt4UQee8BWr+Q5z21yifghREPJGYaEOEIACg=="],

    "@types/trusted-types": ["@types/trusted-types@2.0.7", "", {}, "sha512-ScaPdn1dQczgbl0QFTeTOmVHFULt394XJgOQNoyVhZ6r2vLnMLJfBPd53SB52T/3G36VI1/g2MZaX0cwDuXsfw=="],

    "dompurify": ["dompurify@3.3.1", "", { "optionalDependencies": { "@types/trusted-types": "^2.0.7" } }, "sha512-qkdCKzLNtrgPFP1Vo+98FRzJnBRGe4ffyCea9IwHB1fyxPOeNTHpLKYGd4Uk9xvNoH0ZoOjwZxNptyMwqrId1Q=="],

    "react": ["react@19.2.4", "", {}, "sha512-9nfp2hYpCwOjAN+8TZFGhtWEwgvWHXqESH8qT89AT/lWklpLON22Lc8pEtnpsZz7VmawabSU0gCjnj8aC0euHQ=="],
  }
}
